// !$*UTF8*$!
{
	archiveVersion = 1;
	classes = {
	};
	objectVersion = 50;
	objects = {

/* Begin PBXBuildFile section */
		CF93895A21FDB7AB00090DAF /* AppDelegate.swift in Sources */ = {isa = PBXBuildFile; fileRef = CF93895921FDB7AB00090DAF /* AppDelegate.swift */; };
		CF93895C21FDB7AB00090DAF /* HomeController.swift in Sources */ = {isa = PBXBuildFile; fileRef = CF93895B21FDB7AB00090DAF /* HomeController.swift */; };
		CF93896421FDB7AC00090DAF /* Assets.xcassets in Resources */ = {isa = PBXBuildFile; fileRef = CF93896321FDB7AC00090DAF /* Assets.xcassets */; };
		CF93896721FDB7AC00090DAF /* LaunchScreen.storyboard in Resources */ = {isa = PBXBuildFile; fileRef = CF93896521FDB7AC00090DAF /* LaunchScreen.storyboard */; };
		CF93897121FDCBAF00090DAF /* HomeMenuCell.swift in Sources */ = {isa = PBXBuildFile; fileRef = CF93897021FDCBAF00090DAF /* HomeMenuCell.swift */; };
		CF9AF3DA221D44DD00B01AB8 /* HomeOptionsView.swift in Sources */ = {isa = PBXBuildFile; fileRef = CF9AF3D9221D44DD00B01AB8 /* HomeOptionsView.swift */; };
		CFA38FEE228A098700151009 /* HomeEmptyView.swift in Sources */ = {isa = PBXBuildFile; fileRef = CFA38FED228A098700151009 /* HomeEmptyView.swift */; };
		CFA38FF1228A09D600151009 /* Color+Ext.swift in Sources */ = {isa = PBXBuildFile; fileRef = CFA38FF0228A09D600151009 /* Color+Ext.swift */; };
		CFA38FF3228A09DF00151009 /* UIView+Layout.swift in Sources */ = {isa = PBXBuildFile; fileRef = CFA38FF2228A09DF00151009 /* UIView+Layout.swift */; };
		CFA38FF5228A09E400151009 /* CustomNavigationController.swift in Sources */ = {isa = PBXBuildFile; fileRef = CFA38FF4228A09E300151009 /* CustomNavigationController.swift */; };
		CFA38FF7228A09EA00151009 /* Extension.swift in Sources */ = {isa = PBXBuildFile; fileRef = CFA38FF6228A09EA00151009 /* Extension.swift */; };
		CFA38FFB228A1EBF00151009 /* AddNewRecipeHeader.swift in Sources */ = {isa = PBXBuildFile; fileRef = CFA38FFA228A1EBF00151009 /* AddNewRecipeHeader.swift */; };
		CFA39005228AB11200151009 /* NewRecipeStepCell.swift in Sources */ = {isa = PBXBuildFile; fileRef = CFA39004228AB11200151009 /* NewRecipeStepCell.swift */; };
		CFA39007228BF06600151009 /* NewRecipeController.swift in Sources */ = {isa = PBXBuildFile; fileRef = CFA39006228BF06600151009 /* NewRecipeController.swift */; };
		CFA39024228BF5C900151009 /* AddNewRecipeContentHeader.swift in Sources */ = {isa = PBXBuildFile; fileRef = CFA39023228BF5C900151009 /* AddNewRecipeContentHeader.swift */; };
		CFA39026228BF5DE00151009 /* NewRecipeIngredientCell.swift in Sources */ = {isa = PBXBuildFile; fileRef = CFA39025228BF5DE00151009 /* NewRecipeIngredientCell.swift */; };
		CFA39028228BF60500151009 /* NewRecipeFooterView.swift in Sources */ = {isa = PBXBuildFile; fileRef = CFA39027228BF60500151009 /* NewRecipeFooterView.swift */; };
		CFA3902A228BF74600151009 /* NewRecipeTitleCell.swift in Sources */ = {isa = PBXBuildFile; fileRef = CFA39029228BF74600151009 /* NewRecipeTitleCell.swift */; };
		CFA3902B228C915400151009 /* MyRecipe.xcdatamodeld in Sources */ = {isa = PBXBuildFile; fileRef = CF93896021FDB7AB00090DAF /* MyRecipe.xcdatamodeld */; };
		CFA3902D228CA73200151009 /* ShowDetailsController.swift in Sources */ = {isa = PBXBuildFile; fileRef = CFA3902C228CA73200151009 /* ShowDetailsController.swift */; };
		CFA3902F228CACD900151009 /* DetailsTitleCell.swift in Sources */ = {isa = PBXBuildFile; fileRef = CFA3902E228CACD900151009 /* DetailsTitleCell.swift */; };
		CFA39031228CB16600151009 /* DetailsIngredientCell.swift in Sources */ = {isa = PBXBuildFile; fileRef = CFA39030228CB16600151009 /* DetailsIngredientCell.swift */; };
		CFA39033228CB6F900151009 /* DetailsHeaderView.swift in Sources */ = {isa = PBXBuildFile; fileRef = CFA39032228CB6F900151009 /* DetailsHeaderView.swift */; };
		CFA39035228CB9D000151009 /* DetailsStepCell.swift in Sources */ = {isa = PBXBuildFile; fileRef = CFA39034228CB9D000151009 /* DetailsStepCell.swift */; };
		CFCC5F56228D42A3003CDC52 /* EditRecipeController.swift in Sources */ = {isa = PBXBuildFile; fileRef = CFCC5F55228D42A3003CDC52 /* EditRecipeController.swift */; };
		CFF7AC01220C9E9300706D28 /* GearView.swift in Sources */ = {isa = PBXBuildFile; fileRef = CFF7AC00220C9E9300706D28 /* GearView.swift */; };
/* End PBXBuildFile section */

/* Begin PBXFileReference section */
		CF93895621FDB7AB00090DAF /* MyRecipe.app */ = {isa = PBXFileReference; explicitFileType = wrapper.application; includeInIndex = 0; path = MyRecipe.app; sourceTree = BUILT_PRODUCTS_DIR; };
		CF93895921FDB7AB00090DAF /* AppDelegate.swift */ = {isa = PBXFileReference; lastKnownFileType = sourcecode.swift; path = AppDelegate.swift; sourceTree = "<group>"; };
		CF93895B21FDB7AB00090DAF /* HomeController.swift */ = {isa = PBXFileReference; lastKnownFileType = sourcecode.swift; path = HomeController.swift; sourceTree = "<group>"; };
		CF93896121FDB7AB00090DAF /* JamMaker.xcdatamodel */ = {isa = PBXFileReference; lastKnownFileType = wrapper.xcdatamodel; path = JamMaker.xcdatamodel; sourceTree = "<group>"; };
		CF93896321FDB7AC00090DAF /* Assets.xcassets */ = {isa = PBXFileReference; lastKnownFileType = folder.assetcatalog; path = Assets.xcassets; sourceTree = "<group>"; };
		CF93896621FDB7AC00090DAF /* Base */ = {isa = PBXFileReference; lastKnownFileType = file.storyboard; name = Base; path = Base.lproj/LaunchScreen.storyboard; sourceTree = "<group>"; };
		CF93896821FDB7AC00090DAF /* Info.plist */ = {isa = PBXFileReference; lastKnownFileType = text.plist.xml; path = Info.plist; sourceTree = "<group>"; };
		CF93897021FDCBAF00090DAF /* HomeMenuCell.swift */ = {isa = PBXFileReference; lastKnownFileType = sourcecode.swift; path = HomeMenuCell.swift; sourceTree = "<group>"; };
		CF9AF3D9221D44DD00B01AB8 /* HomeOptionsView.swift */ = {isa = PBXFileReference; lastKnownFileType = sourcecode.swift; path = HomeOptionsView.swift; sourceTree = "<group>"; };
		CFA38FED228A098700151009 /* HomeEmptyView.swift */ = {isa = PBXFileReference; lastKnownFileType = sourcecode.swift; path = HomeEmptyView.swift; sourceTree = "<group>"; };
		CFA38FF0228A09D600151009 /* Color+Ext.swift */ = {isa = PBXFileReference; fileEncoding = 4; lastKnownFileType = sourcecode.swift; path = "Color+Ext.swift"; sourceTree = "<group>"; };
		CFA38FF2228A09DF00151009 /* UIView+Layout.swift */ = {isa = PBXFileReference; fileEncoding = 4; lastKnownFileType = sourcecode.swift; path = "UIView+Layout.swift"; sourceTree = "<group>"; };
		CFA38FF4228A09E300151009 /* CustomNavigationController.swift */ = {isa = PBXFileReference; fileEncoding = 4; lastKnownFileType = sourcecode.swift; path = CustomNavigationController.swift; sourceTree = "<group>"; };
		CFA38FF6228A09EA00151009 /* Extension.swift */ = {isa = PBXFileReference; fileEncoding = 4; lastKnownFileType = sourcecode.swift; path = Extension.swift; sourceTree = "<group>"; };
		CFA38FFA228A1EBF00151009 /* AddNewRecipeHeader.swift */ = {isa = PBXFileReference; lastKnownFileType = sourcecode.swift; path = AddNewRecipeHeader.swift; sourceTree = "<group>"; };
		CFA39004228AB11200151009 /* NewRecipeStepCell.swift */ = {isa = PBXFileReference; lastKnownFileType = sourcecode.swift; path = NewRecipeStepCell.swift; sourceTree = "<group>"; };
		CFA39006228BF06600151009 /* NewRecipeController.swift */ = {isa = PBXFileReference; lastKnownFileType = sourcecode.swift; path = NewRecipeController.swift; sourceTree = "<group>"; };
		CFA39023228BF5C900151009 /* AddNewRecipeContentHeader.swift */ = {isa = PBXFileReference; fileEncoding = 4; lastKnownFileType = sourcecode.swift; path = AddNewRecipeContentHeader.swift; sourceTree = "<group>"; };
		CFA39025228BF5DE00151009 /* NewRecipeIngredientCell.swift */ = {isa = PBXFileReference; fileEncoding = 4; lastKnownFileType = sourcecode.swift; path = NewRecipeIngredientCell.swift; sourceTree = "<group>"; };
		CFA39027228BF60500151009 /* NewRecipeFooterView.swift */ = {isa = PBXFileReference; lastKnownFileType = sourcecode.swift; path = NewRecipeFooterView.swift; sourceTree = "<group>"; };
		CFA39029228BF74600151009 /* NewRecipeTitleCell.swift */ = {isa = PBXFileReference; lastKnownFileType = sourcecode.swift; path = NewRecipeTitleCell.swift; sourceTree = "<group>"; };
		CFA3902C228CA73200151009 /* ShowDetailsController.swift */ = {isa = PBXFileReference; lastKnownFileType = sourcecode.swift; path = ShowDetailsController.swift; sourceTree = "<group>"; };
		CFA3902E228CACD900151009 /* DetailsTitleCell.swift */ = {isa = PBXFileReference; lastKnownFileType = sourcecode.swift; path = DetailsTitleCell.swift; sourceTree = "<group>"; };
		CFA39030228CB16600151009 /* DetailsIngredientCell.swift */ = {isa = PBXFileReference; lastKnownFileType = sourcecode.swift; path = DetailsIngredientCell.swift; sourceTree = "<group>"; };
		CFA39032228CB6F900151009 /* DetailsHeaderView.swift */ = {isa = PBXFileReference; lastKnownFileType = sourcecode.swift; path = DetailsHeaderView.swift; sourceTree = "<group>"; };
		CFA39034228CB9D000151009 /* DetailsStepCell.swift */ = {isa = PBXFileReference; lastKnownFileType = sourcecode.swift; path = DetailsStepCell.swift; sourceTree = "<group>"; };
		CFCC5F55228D42A3003CDC52 /* EditRecipeController.swift */ = {isa = PBXFileReference; lastKnownFileType = sourcecode.swift; path = EditRecipeController.swift; sourceTree = "<group>"; };
		CFF7AC00220C9E9300706D28 /* GearView.swift */ = {isa = PBXFileReference; lastKnownFileType = sourcecode.swift; path = GearView.swift; sourceTree = "<group>"; };
/* End PBXFileReference section */

/* Begin PBXFrameworksBuildPhase section */
		CF93895321FDB7AB00090DAF /* Frameworks */ = {
			isa = PBXFrameworksBuildPhase;
			buildActionMask = 2147483647;
			files = (
			);
			runOnlyForDeploymentPostprocessing = 0;
		};
/* End PBXFrameworksBuildPhase section */

/* Begin PBXGroup section */
		CF14D6F32201FC2C006B055B /* View */ = {
			isa = PBXGroup;
			children = (
				CFCC5F54228D428E003CDC52 /* Edit */,
				CFA38FEB228A097000151009 /* Home */,
				CFF7AC02220D86DE00706D28 /* Detail */,
				CFBDB79922075A7700DA723B /* NewItem */,
				CFA38FEF228A09C600151009 /* Helper */,
			);
			path = View;
			sourceTree = "<group>";
		};
		CF14D6F42201FC46006B055B /* Controller */ = {
			isa = PBXGroup;
			children = (
				CF93895B21FDB7AB00090DAF /* HomeController.swift */,
				CFA39006228BF06600151009 /* NewRecipeController.swift */,
				CFA3902C228CA73200151009 /* ShowDetailsController.swift */,
				CFCC5F55228D42A3003CDC52 /* EditRecipeController.swift */,
			);
			path = Controller;
			sourceTree = "<group>";
		};
		CF93894D21FDB7AB00090DAF = {
			isa = PBXGroup;
			children = (
				CF93895821FDB7AB00090DAF /* MyRecipe */,
				CF93895721FDB7AB00090DAF /* Products */,
			);
			sourceTree = "<group>";
		};
		CF93895721FDB7AB00090DAF /* Products */ = {
			isa = PBXGroup;
			children = (
				CF93895621FDB7AB00090DAF /* MyRecipe.app */,
			);
			name = Products;
			sourceTree = "<group>";
		};
		CF93895821FDB7AB00090DAF /* MyRecipe */ = {
			isa = PBXGroup;
			children = (
				CF14D6F42201FC46006B055B /* Controller */,
				CF14D6F32201FC2C006B055B /* View */,
				CF93895921FDB7AB00090DAF /* AppDelegate.swift */,
				CF93896321FDB7AC00090DAF /* Assets.xcassets */,
				CF93896521FDB7AC00090DAF /* LaunchScreen.storyboard */,
				CF93896821FDB7AC00090DAF /* Info.plist */,
				CF93896021FDB7AB00090DAF /* MyRecipe.xcdatamodeld */,
			);
			path = MyRecipe;
			sourceTree = "<group>";
		};
		CFA38FEB228A097000151009 /* Home */ = {
			isa = PBXGroup;
			children = (
				CFA38FED228A098700151009 /* HomeEmptyView.swift */,
				CF93897021FDCBAF00090DAF /* HomeMenuCell.swift */,
			);
			path = Home;
			sourceTree = "<group>";
		};
		CFA38FEF228A09C600151009 /* Helper */ = {
			isa = PBXGroup;
			children = (
				CFA38FF0228A09D600151009 /* Color+Ext.swift */,
				CFA38FF2228A09DF00151009 /* UIView+Layout.swift */,
				CFA38FF4228A09E300151009 /* CustomNavigationController.swift */,
				CFA38FF6228A09EA00151009 /* Extension.swift */,
			);
			path = Helper;
			sourceTree = "<group>";
		};
		CFBDB79922075A7700DA723B /* NewItem */ = {
			isa = PBXGroup;
			children = (
				CFF7AC00220C9E9300706D28 /* GearView.swift */,
				CF9AF3D9221D44DD00B01AB8 /* HomeOptionsView.swift */,
				CFA38FFA228A1EBF00151009 /* AddNewRecipeHeader.swift */,
				CFA39023228BF5C900151009 /* AddNewRecipeContentHeader.swift */,
				CFA39025228BF5DE00151009 /* NewRecipeIngredientCell.swift */,
				CFA39004228AB11200151009 /* NewRecipeStepCell.swift */,
				CFA39027228BF60500151009 /* NewRecipeFooterView.swift */,
				CFA39029228BF74600151009 /* NewRecipeTitleCell.swift */,
			);
			path = NewItem;
			sourceTree = "<group>";
		};
		CFCC5F54228D428E003CDC52 /* Edit */ = {
			isa = PBXGroup;
			children = (
			);
			path = Edit;
			sourceTree = "<group>";
		};
		CFF7AC02220D86DE00706D28 /* Detail */ = {
			isa = PBXGroup;
			children = (
				CFA3902E228CACD900151009 /* DetailsTitleCell.swift */,
				CFA39030228CB16600151009 /* DetailsIngredientCell.swift */,
				CFA39032228CB6F900151009 /* DetailsHeaderView.swift */,
				CFA39034228CB9D000151009 /* DetailsStepCell.swift */,
			);
			path = Detail;
			sourceTree = "<group>";
		};
/* End PBXGroup section */

/* Begin PBXNativeTarget section */
		CF93895521FDB7AB00090DAF /* MyRecipe */ = {
			isa = PBXNativeTarget;
			buildConfigurationList = CF93896B21FDB7AC00090DAF /* Build configuration list for PBXNativeTarget "MyRecipe" */;
			buildPhases = (
				CF93895221FDB7AB00090DAF /* Sources */,
				CF93895321FDB7AB00090DAF /* Frameworks */,
				CF93895421FDB7AB00090DAF /* Resources */,
			);
			buildRules = (
			);
			dependencies = (
			);
			name = MyRecipe;
			productName = JamMaker;
			productReference = CF93895621FDB7AB00090DAF /* MyRecipe.app */;
			productType = "com.apple.product-type.application";
		};
/* End PBXNativeTarget section */

/* Begin PBXProject section */
		CF93894E21FDB7AB00090DAF /* Project object */ = {
			isa = PBXProject;
			attributes = {
				LastSwiftUpdateCheck = 1010;
				LastUpgradeCheck = 1010;
				ORGANIZATIONNAME = "Hsuen-Ju Li";
				TargetAttributes = {
					CF93895521FDB7AB00090DAF = {
						CreatedOnToolsVersion = 10.1;
					};
				};
			};
			buildConfigurationList = CF93895121FDB7AB00090DAF /* Build configuration list for PBXProject "MyRecipe" */;
			compatibilityVersion = "Xcode 9.3";
			developmentRegion = en;
			hasScannedForEncodings = 0;
			knownRegions = (
				en,
				Base,
			);
			mainGroup = CF93894D21FDB7AB00090DAF;
			productRefGroup = CF93895721FDB7AB00090DAF /* Products */;
			projectDirPath = "";
			projectRoot = "";
			targets = (
				CF93895521FDB7AB00090DAF /* MyRecipe */,
			);
		};
/* End PBXProject section */

/* Begin PBXResourcesBuildPhase section */
		CF93895421FDB7AB00090DAF /* Resources */ = {
			isa = PBXResourcesBuildPhase;
			buildActionMask = 2147483647;
			files = (
				CF93896721FDB7AC00090DAF /* LaunchScreen.storyboard in Resources */,
				CF93896421FDB7AC00090DAF /* Assets.xcassets in Resources */,
			);
			runOnlyForDeploymentPostprocessing = 0;
		};
/* End PBXResourcesBuildPhase section */

/* Begin PBXSourcesBuildPhase section */
		CF93895221FDB7AB00090DAF /* Sources */ = {
			isa = PBXSourcesBuildPhase;
			buildActionMask = 2147483647;
			files = (
				CF93895C21FDB7AB00090DAF /* HomeController.swift in Sources */,
				CFA39035228CB9D000151009 /* DetailsStepCell.swift in Sources */,
				CF93897121FDCBAF00090DAF /* HomeMenuCell.swift in Sources */,
				CFF7AC01220C9E9300706D28 /* GearView.swift in Sources */,
				CFA3902B228C915400151009 /* MyRecipe.xcdatamodeld in Sources */,
				CFA38FF1228A09D600151009 /* Color+Ext.swift in Sources */,
				CFA38FEE228A098700151009 /* HomeEmptyView.swift in Sources */,
				CFCC5F56228D42A3003CDC52 /* EditRecipeController.swift in Sources */,
				CFA39026228BF5DE00151009 /* NewRecipeIngredientCell.swift in Sources */,
				CFA38FFB228A1EBF00151009 /* AddNewRecipeHeader.swift in Sources */,
				CFA39024228BF5C900151009 /* AddNewRecipeContentHeader.swift in Sources */,
				CFA39007228BF06600151009 /* NewRecipeController.swift in Sources */,
				CF93895A21FDB7AB00090DAF /* AppDelegate.swift in Sources */,
				CFA39028228BF60500151009 /* NewRecipeFooterView.swift in Sources */,
				CFA39031228CB16600151009 /* DetailsIngredientCell.swift in Sources */,
				CF9AF3DA221D44DD00B01AB8 /* HomeOptionsView.swift in Sources */,
				CFA3902F228CACD900151009 /* DetailsTitleCell.swift in Sources */,
				CFA38FF3228A09DF00151009 /* UIView+Layout.swift in Sources */,
				CFA38FF7228A09EA00151009 /* Extension.swift in Sources */,
				CFA3902D228CA73200151009 /* ShowDetailsController.swift in Sources */,
				CFA39005228AB11200151009 /* NewRecipeStepCell.swift in Sources */,
				CFA3902A228BF74600151009 /* NewRecipeTitleCell.swift in Sources */,
				CFA38FF5228A09E400151009 /* CustomNavigationController.swift in Sources */,
				CFA39033228CB6F900151009 /* DetailsHeaderView.swift in Sources */,
			);
			runOnlyForDeploymentPostprocessing = 0;
		};
/* End PBXSourcesBuildPhase section */

/* Begin PBXVariantGroup section */
		CF93896521FDB7AC00090DAF /* LaunchScreen.storyboard */ = {
			isa = PBXVariantGroup;
			children = (
				CF93896621FDB7AC00090DAF /* Base */,
			);
			name = LaunchScreen.storyboard;
			sourceTree = "<group>";
		};
/* End PBXVariantGroup section */

/* Begin XCBuildConfiguration section */
		CF93896921FDB7AC00090DAF /* Debug */ = {
			isa = XCBuildConfiguration;
			buildSettings = {
				ALWAYS_SEARCH_USER_PATHS = NO;
				CLANG_ANALYZER_NONNULL = YES;
				CLANG_ANALYZER_NUMBER_OBJECT_CONVERSION = YES_AGGRESSIVE;
				CLANG_CXX_LANGUAGE_STANDARD = "gnu++14";
				CLANG_CXX_LIBRARY = "libc++";
				CLANG_ENABLE_MODULES = YES;
				CLANG_ENABLE_OBJC_ARC = YES;
				CLANG_ENABLE_OBJC_WEAK = YES;
				CLANG_WARN_BLOCK_CAPTURE_AUTORELEASING = YES;
				CLANG_WARN_BOOL_CONVERSION = YES;
				CLANG_WARN_COMMA = YES;
				CLANG_WARN_CONSTANT_CONVERSION = YES;
				CLANG_WARN_DEPRECATED_OBJC_IMPLEMENTATIONS = YES;
				CLANG_WARN_DIRECT_OBJC_ISA_USAGE = YES_ERROR;
				CLANG_WARN_DOCUMENTATION_COMMENTS = YES;
				CLANG_WARN_EMPTY_BODY = YES;
				CLANG_WARN_ENUM_CONVERSION = YES;
				CLANG_WARN_INFINITE_RECURSION = YES;
				CLANG_WARN_INT_CONVERSION = YES;
				CLANG_WARN_NON_LITERAL_NULL_CONVERSION = YES;
				CLANG_WARN_OBJC_IMPLICIT_RETAIN_SELF = YES;
				CLANG_WARN_OBJC_LITERAL_CONVERSION = YES;
				CLANG_WARN_OBJC_ROOT_CLASS = YES_ERROR;
				CLANG_WARN_RANGE_LOOP_ANALYSIS = YES;
				CLANG_WARN_STRICT_PROTOTYPES = YES;
				CLANG_WARN_SUSPICIOUS_MOVE = YES;
				CLANG_WARN_UNGUARDED_AVAILABILITY = YES_AGGRESSIVE;
				CLANG_WARN_UNREACHABLE_CODE = YES;
				CLANG_WARN__DUPLICATE_METHOD_MATCH = YES;
				CODE_SIGN_IDENTITY = "iPhone Developer";
				COPY_PHASE_STRIP = NO;
				DEBUG_INFORMATION_FORMAT = dwarf;
				ENABLE_STRICT_OBJC_MSGSEND = YES;
				ENABLE_TESTABILITY = YES;
				GCC_C_LANGUAGE_STANDARD = gnu11;
				GCC_DYNAMIC_NO_PIC = NO;
				GCC_NO_COMMON_BLOCKS = YES;
				GCC_OPTIMIZATION_LEVEL = 0;
				GCC_PREPROCESSOR_DEFINITIONS = (
					"DEBUG=1",
					"$(inherited)",
				);
				GCC_WARN_64_TO_32_BIT_CONVERSION = YES;
				GCC_WARN_ABOUT_RETURN_TYPE = YES_ERROR;
				GCC_WARN_UNDECLARED_SELECTOR = YES;
				GCC_WARN_UNINITIALIZED_AUTOS = YES_AGGRESSIVE;
				GCC_WARN_UNUSED_FUNCTION = YES;
				GCC_WARN_UNUSED_VARIABLE = YES;
				IPHONEOS_DEPLOYMENT_TARGET = 12.1;
				MTL_ENABLE_DEBUG_INFO = INCLUDE_SOURCE;
				MTL_FAST_MATH = YES;
				ONLY_ACTIVE_ARCH = YES;
				SDKROOT = iphoneos;
				SWIFT_ACTIVE_COMPILATION_CONDITIONS = DEBUG;
				SWIFT_OPTIMIZATION_LEVEL = "-Onone";
			};
			name = Debug;
		};
		CF93896A21FDB7AC00090DAF /* Release */ = {
			isa = XCBuildConfiguration;
			buildSettings = {
				ALWAYS_SEARCH_USER_PATHS = NO;
				CLANG_ANALYZER_NONNULL = YES;
				CLANG_ANALYZER_NUMBER_OBJECT_CONVERSION = YES_AGGRESSIVE;
				CLANG_CXX_LANGUAGE_STANDARD = "gnu++14";
				CLANG_CXX_LIBRARY = "libc++";
				CLANG_ENABLE_MODULES = YES;
				CLANG_ENABLE_OBJC_ARC = YES;
				CLANG_ENABLE_OBJC_WEAK = YES;
				CLANG_WARN_BLOCK_CAPTURE_AUTORELEASING = YES;
				CLANG_WARN_BOOL_CONVERSION = YES;
				CLANG_WARN_COMMA = YES;
				CLANG_WARN_CONSTANT_CONVERSION = YES;
				CLANG_WARN_DEPRECATED_OBJC_IMPLEMENTATIONS = YES;
				CLANG_WARN_DIRECT_OBJC_ISA_USAGE = YES_ERROR;
				CLANG_WARN_DOCUMENTATION_COMMENTS = YES;
				CLANG_WARN_EMPTY_BODY = YES;
				CLANG_WARN_ENUM_CONVERSION = YES;
				CLANG_WARN_INFINITE_RECURSION = YES;
				CLANG_WARN_INT_CONVERSION = YES;
				CLANG_WARN_NON_LITERAL_NULL_CONVERSION = YES;
				CLANG_WARN_OBJC_IMPLICIT_RETAIN_SELF = YES;
				CLANG_WARN_OBJC_LITERAL_CONVERSION = YES;
				CLANG_WARN_OBJC_ROOT_CLASS = YES_ERROR;
				CLANG_WARN_RANGE_LOOP_ANALYSIS = YES;
				CLANG_WARN_STRICT_PROTOTYPES = YES;
				CLANG_WARN_SUSPICIOUS_MOVE = YES;
				CLANG_WARN_UNGUARDED_AVAILABILITY = YES_AGGRESSIVE;
				CLANG_WARN_UNREACHABLE_CODE = YES;
				CLANG_WARN__DUPLICATE_METHOD_MATCH = YES;
				CODE_SIGN_IDENTITY = "iPhone Developer";
				COPY_PHASE_STRIP = NO;
				DEBUG_INFORMATION_FORMAT = "dwarf-with-dsym";
				ENABLE_NS_ASSERTIONS = NO;
				ENABLE_STRICT_OBJC_MSGSEND = YES;
				GCC_C_LANGUAGE_STANDARD = gnu11;
				GCC_NO_COMMON_BLOCKS = YES;
				GCC_WARN_64_TO_32_BIT_CONVERSION = YES;
				GCC_WARN_ABOUT_RETURN_TYPE = YES_ERROR;
				GCC_WARN_UNDECLARED_SELECTOR = YES;
				GCC_WARN_UNINITIALIZED_AUTOS = YES_AGGRESSIVE;
				GCC_WARN_UNUSED_FUNCTION = YES;
				GCC_WARN_UNUSED_VARIABLE = YES;
				IPHONEOS_DEPLOYMENT_TARGET = 12.1;
				MTL_ENABLE_DEBUG_INFO = NO;
				MTL_FAST_MATH = YES;
				SDKROOT = iphoneos;
				SWIFT_COMPILATION_MODE = wholemodule;
				SWIFT_OPTIMIZATION_LEVEL = "-O";
				VALIDATE_PRODUCT = YES;
			};
			name = Release;
		};
		CF93896C21FDB7AC00090DAF /* Debug */ = {
			isa = XCBuildConfiguration;
			buildSettings = {
				ASSETCATALOG_COMPILER_APPICON_NAME = AppIcon;
				CODE_SIGN_STYLE = Automatic;
				DEVELOPMENT_TEAM = SUZY35U5GK;
				INFOPLIST_FILE = "$(SRCROOT)/MyRecipe/Info.plist";
				LD_RUNPATH_SEARCH_PATHS = (
					"$(inherited)",
					"@executable_path/Frameworks",
				);
				PRODUCT_BUNDLE_IDENTIFIER = com.HsuenJuLi.MyRecipe;
				PRODUCT_NAME = "$(TARGET_NAME)";
				SWIFT_VERSION = 4.2;
				TARGETED_DEVICE_FAMILY = "1,2";
			};
			name = Debug;
		};
		CF93896D21FDB7AC00090DAF /* Release */ = {
			isa = XCBuildConfiguration;
			buildSettings = {
				ASSETCATALOG_COMPILER_APPICON_NAME = AppIcon;
				CODE_SIGN_STYLE = Automatic;
				DEVELOPMENT_TEAM = SUZY35U5GK;
				INFOPLIST_FILE = "$(SRCROOT)/MyRecipe/Info.plist";
				LD_RUNPATH_SEARCH_PATHS = (
					"$(inherited)",
					"@executable_path/Frameworks",
				);
				PRODUCT_BUNDLE_IDENTIFIER = com.HsuenJuLi.MyRecipe;
				PRODUCT_NAME = "$(TARGET_NAME)";
				SWIFT_VERSION = 4.2;
				TARGETED_DEVICE_FAMILY = "1,2";
			};
			name = Release;
		};
/* End XCBuildConfiguration section */

/* Begin XCConfigurationList section */
		CF93895121FDB7AB00090DAF /* Build configuration list for PBXProject "MyRecipe" */ = {
			isa = XCConfigurationList;
			buildConfigurations = (
				CF93896921FDB7AC00090DAF /* Debug */,
				CF93896A21FDB7AC00090DAF /* Release */,
			);
			defaultConfigurationIsVisible = 0;
			defaultConfigurationName = Release;
		};
		CF93896B21FDB7AC00090DAF /* Build configuration list for PBXNativeTarget "MyRecipe" */ = {
			isa = XCConfigurationList;
			buildConfigurations = (
				CF93896C21FDB7AC00090DAF /* Debug */,
				CF93896D21FDB7AC00090DAF /* Release */,
			);
			defaultConfigurationIsVisible = 0;
			defaultConfigurationName = Release;
		};
/* End XCConfigurationList section */

/* Begin XCVersionGroup section */
		CF93896021FDB7AB00090DAF /* MyRecipe.xcdatamodeld */ = {
			isa = XCVersionGroup;
			children = (
				CF93896121FDB7AB00090DAF /* JamMaker.xcdatamodel */,
			);
			currentVersion = CF93896121FDB7AB00090DAF /* JamMaker.xcdatamodel */;
			path = MyRecipe.xcdatamodeld;
			sourceTree = "<group>";
			versionGroupType = wrapper.xcdatamodel;
		};
/* End XCVersionGroup section */
	};
	rootObject = CF93894E21FDB7AB00090DAF /* Project object */;
}
